{
  "name": "traversal-test-project",
  "version": "1.0.0",
  "lockfileVersion": 3,
  "requires": true,
  "packages": {
    "": {
      "name": "traversal-test-project",
      "version": "1.0.0",
      "dependencies": {
        "dummy_pkg": "^1.0.0"
      },
      "devDependencies": {
        "typescript": "^5.0.0"
      }
    },
    "node_modules/dummy_pkg": {
      "version": "1.0.0",
      "resolved": "https://registry.npmjs.org/dummy_pkg/-/dummy_pkg-1.0.0.tgz"
    }
  }
}
